# This file was autogenerated by Stack.
# You should not edit this file by hand.
# For more information, please see the documentation at:
#   https://docs.haskellstack.org/en/stable/lock_files

packages:
- completed:
    hackage: cereal-0.5.8.2@sha256:fe7d9a6426eacbe12351afe9642daedcb64fa29eda56118a65915f1c14df0d9a,2863
    pantry-tree:
      size: 641
      sha256: 28597366f0addd7269ea90fa215b05fc68889240fb28c87bd214d7ce99c169f7
  original:
    hackage: cereal-0.5.8.2
snapshots:
- completed:
    size: 618506
    url: https://raw.githubusercontent.com/commercialhaskell/stackage-snapshots/master/lts/19/8.yaml
    sha256: f1c4aca9b9b81afbb9db55571acb0690cdc01ac97a178234de281f9dc075e95e
  original:
    url: https://raw.githubusercontent.com/commercialhaskell/stackage-snapshots/master/lts/19/8.yaml
